
Microsoft Visual Studio Solution File, Format Version 12.00
# Visual Studio Version 17
VisualStudioVersion = 17.11.35303.130
MinimumVisualStudioVersion = 10.0.40219.1
Project("{FAE04EC0-301F-11D3-BF4B-00C04F79EFBC}") = "MutithreadingInner", "MutithreadingInner\MutithreadingInner.csproj", "{B8BCC539-3205-4444-88C6-44799BAB1E36}"
EndProject
Global
	GlobalSection(SolutionConfigurationPlatforms) = preSolution
		Debug|Any CPU = Debug|Any CPU
		Release|Any CPU = Release|Any CPU
	EndGlobalSection
	GlobalSection(ProjectConfigurationPlatforms) = postSolution
		{B8BCC539-3205-4444-88C6-44799BAB1E36}.Debug|Any CPU.ActiveCfg = Debug|Any CPU
		{B8BCC539-3205-4444-88C6-44799BAB1E36}.Debug|Any CPU.Build.0 = Debug|Any CPU
		{B8BCC539-3205-4444-88C6-44799BAB1E36}.Release|Any CPU.ActiveCfg = Release|Any CPU
		{B8BCC539-3205-4444-88C6-44799BAB1E36}.Release|Any CPU.Build.0 = Release|Any CPU
	EndGlobalSection
	GlobalSection(SolutionProperties) = preSolution
		HideSolutionNode = FALSE
	EndGlobalSection
	GlobalSection(ExtensibilityGlobals) = postSolution
		SolutionGuid = {70892D45-B147-477C-A19A-3B5DC7C6C0FC}
	EndGlobalSection
EndGlobal
